
Microsoft Visual Studio Solution File, Format Version 12.00
# Visual Studio 14
VisualStudioVersion = 14.0.25420.1
MinimumVisualStudioVersion = 10.0.40219.1
Project("{8BC9CEB8-8B4A-11D0-8D11-00A0C91BC942}") = "student_master", "project\student_master\student_master.vcxproj", "{929EFEB7-8800-4BCA-817D-9DDA6F857F90}"
EndProject
Project("{8BC9CEB8-8B4A-11D0-8D11-00A0C91BC942}") = "student_client", "project\student_client\student_client.vcxproj", "{CF9F17C5-77B1-464E-95FC-DBC70FF61C00}"
EndProject
Project("{8BC9CEB8-8B4A-11D0-8D11-00A0C91BC942}") = "DuiLib", "project\DuiLib\DuiLib.vcxproj", "{E106ACD7-4E53-4AEE-942B-D0DD426DB34E}"
EndProject
Project("{8BC9CEB8-8B4A-11D0-8D11-00A0C91BC942}") = "display_point", "project\display_point\display_point.vcxproj", "{6ACBD64A-A6AE-4F1A-92C1-7AA77339917C}"
EndProject
Global
	GlobalSection(SolutionConfigurationPlatforms) = preSolution
		Debug|x64 = Debug|x64
		Debug|x86 = Debug|x86
		DebugA|x64 = DebugA|x64
		DebugA|x86 = DebugA|x86
		Release|x64 = Release|x64
		Release|x86 = Release|x86
		ReleaseA|x64 = ReleaseA|x64
		ReleaseA|x86 = ReleaseA|x86
		SDebug|x64 = SDebug|x64
		SDebug|x86 = SDebug|x86
		SDebugA|x64 = SDebugA|x64
		SDebugA|x86 = SDebugA|x86
		SRelease|x64 = SRelease|x64
		SRelease|x86 = SRelease|x86
		SReleaseA|x64 = SReleaseA|x64
		SReleaseA|x86 = SReleaseA|x86
	EndGlobalSection
	GlobalSection(ProjectConfigurationPlatforms) = postSolution
		{929EFEB7-8800-4BCA-817D-9DDA6F857F90}.Debug|x64.ActiveCfg = Debug|x64
		{929EFEB7-8800-4BCA-817D-9DDA6F857F90}.Debug|x64.Build.0 = Debug|x64
		{929EFEB7-8800-4BCA-817D-9DDA6F857F90}.Debug|x86.ActiveCfg = Debug|Win32
		{929EFEB7-8800-4BCA-817D-9DDA6F857F90}.Debug|x86.Build.0 = Debug|Win32
		{929EFEB7-8800-4BCA-817D-9DDA6F857F90}.DebugA|x64.ActiveCfg = Debug|x64
		{929EFEB7-8800-4BCA-817D-9DDA6F857F90}.DebugA|x64.Build.0 = Debug|x64
		{929EFEB7-8800-4BCA-817D-9DDA6F857F90}.DebugA|x86.ActiveCfg = Debug|Win32
		{929EFEB7-8800-4BCA-817D-9DDA6F857F90}.DebugA|x86.Build.0 = Debug|Win32
		{929EFEB7-8800-4BCA-817D-9DDA6F857F90}.Release|x64.ActiveCfg = Release|x64
		{929EFEB7-8800-4BCA-817D-9DDA6F857F90}.Release|x64.Build.0 = Release|x64
		{929EFEB7-8800-4BCA-817D-9DDA6F857F90}.Release|x86.ActiveCfg = Release|Win32
		{929EFEB7-8800-4BCA-817D-9DDA6F857F90}.Release|x86.Build.0 = Release|Win32
		{929EFEB7-8800-4BCA-817D-9DDA6F857F90}.ReleaseA|x64.ActiveCfg = Release|x64
		{929EFEB7-8800-4BCA-817D-9DDA6F857F90}.ReleaseA|x64.Build.0 = Release|x64
		{929EFEB7-8800-4BCA-817D-9DDA6F857F90}.ReleaseA|x86.ActiveCfg = Release|Win32
		{929EFEB7-8800-4BCA-817D-9DDA6F857F90}.ReleaseA|x86.Build.0 = Release|Win32
		{929EFEB7-8800-4BCA-817D-9DDA6F857F90}.SDebug|x64.ActiveCfg = Debug|x64
		{929EFEB7-8800-4BCA-817D-9DDA6F857F90}.SDebug|x64.Build.0 = Debug|x64
		{929EFEB7-8800-4BCA-817D-9DDA6F857F90}.SDebug|x86.ActiveCfg = Debug|Win32
		{929EFEB7-8800-4BCA-817D-9DDA6F857F90}.SDebug|x86.Build.0 = Debug|Win32
		{929EFEB7-8800-4BCA-817D-9DDA6F857F90}.SDebugA|x64.ActiveCfg = Debug|x64
		{929EFEB7-8800-4BCA-817D-9DDA6F857F90}.SDebugA|x64.Build.0 = Debug|x64
		{929EFEB7-8800-4BCA-817D-9DDA6F857F90}.SDebugA|x86.ActiveCfg = Debug|Win32
		{929EFEB7-8800-4BCA-817D-9DDA6F857F90}.SDebugA|x86.Build.0 = Debug|Win32
		{929EFEB7-8800-4BCA-817D-9DDA6F857F90}.SRelease|x64.ActiveCfg = Release|x64
		{929EFEB7-8800-4BCA-817D-9DDA6F857F90}.SRelease|x64.Build.0 = Release|x64
		{929EFEB7-8800-4BCA-817D-9DDA6F857F90}.SRelease|x86.ActiveCfg = Release|Win32
		{929EFEB7-8800-4BCA-817D-9DDA6F857F90}.SRelease|x86.Build.0 = Release|Win32
		{929EFEB7-8800-4BCA-817D-9DDA6F857F90}.SReleaseA|x64.ActiveCfg = Release|x64
		{929EFEB7-8800-4BCA-817D-9DDA6F857F90}.SReleaseA|x64.Build.0 = Release|x64
		{929EFEB7-8800-4BCA-817D-9DDA6F857F90}.SReleaseA|x86.ActiveCfg = Release|Win32
		{929EFEB7-8800-4BCA-817D-9DDA6F857F90}.SReleaseA|x86.Build.0 = Release|Win32
		{CF9F17C5-77B1-464E-95FC-DBC70FF61C00}.Debug|x64.ActiveCfg = Debug|x64
		{CF9F17C5-77B1-464E-95FC-DBC70FF61C00}.Debug|x64.Build.0 = Debug|x64
		{CF9F17C5-77B1-464E-95FC-DBC70FF61C00}.Debug|x86.ActiveCfg = Debug|Win32
		{CF9F17C5-77B1-464E-95FC-DBC70FF61C00}.Debug|x86.Build.0 = Debug|Win32
		{CF9F17C5-77B1-464E-95FC-DBC70FF61C00}.DebugA|x64.ActiveCfg = Debug|x64
		{CF9F17C5-77B1-464E-95FC-DBC70FF61C00}.DebugA|x64.Build.0 = Debug|x64
		{CF9F17C5-77B1-464E-95FC-DBC70FF61C00}.DebugA|x86.ActiveCfg = Debug|Win32
		{CF9F17C5-77B1-464E-95FC-DBC70FF61C00}.DebugA|x86.Build.0 = Debug|Win32
		{CF9F17C5-77B1-464E-95FC-DBC70FF61C00}.Release|x64.ActiveCfg = Release|x64
		{CF9F17C5-77B1-464E-95FC-DBC70FF61C00}.Release|x64.Build.0 = Release|x64
		{CF9F17C5-77B1-464E-95FC-DBC70FF61C00}.Release|x86.ActiveCfg = Release|Win32
		{CF9F17C5-77B1-464E-95FC-DBC70FF61C00}.Release|x86.Build.0 = Release|Win32
		{CF9F17C5-77B1-464E-95FC-DBC70FF61C00}.ReleaseA|x64.ActiveCfg = Release|x64
		{CF9F17C5-77B1-464E-95FC-DBC70FF61C00}.ReleaseA|x64.Build.0 = Release|x64
		{CF9F17C5-77B1-464E-95FC-DBC70FF61C00}.ReleaseA|x86.ActiveCfg = Release|Win32
		{CF9F17C5-77B1-464E-95FC-DBC70FF61C00}.ReleaseA|x86.Build.0 = Release|Win32
		{CF9F17C5-77B1-464E-95FC-DBC70FF61C00}.SDebug|x64.ActiveCfg = Debug|x64
		{CF9F17C5-77B1-464E-95FC-DBC70FF61C00}.SDebug|x64.Build.0 = Debug|x64
		{CF9F17C5-77B1-464E-95FC-DBC70FF61C00}.SDebug|x86.ActiveCfg = Debug|Win32
		{CF9F17C5-77B1-464E-95FC-DBC70FF61C00}.SDebug|x86.Build.0 = Debug|Win32
		{CF9F17C5-77B1-464E-95FC-DBC70FF61C00}.SDebugA|x64.ActiveCfg = Debug|x64
		{CF9F17C5-77B1-464E-95FC-DBC70FF61C00}.SDebugA|x64.Build.0 = Debug|x64
		{CF9F17C5-77B1-464E-95FC-DBC70FF61C00}.SDebugA|x86.ActiveCfg = Debug|Win32
		{CF9F17C5-77B1-464E-95FC-DBC70FF61C00}.SDebugA|x86.Build.0 = Debug|Win32
		{CF9F17C5-77B1-464E-95FC-DBC70FF61C00}.SRelease|x64.ActiveCfg = Release|x64
		{CF9F17C5-77B1-464E-95FC-DBC70FF61C00}.SRelease|x64.Build.0 = Release|x64
		{CF9F17C5-77B1-464E-95FC-DBC70FF61C00}.SRelease|x86.ActiveCfg = Release|Win32
		{CF9F17C5-77B1-464E-95FC-DBC70FF61C00}.SRelease|x86.Build.0 = Release|Win32
		{CF9F17C5-77B1-464E-95FC-DBC70FF61C00}.SReleaseA|x64.ActiveCfg = Release|x64
		{CF9F17C5-77B1-464E-95FC-DBC70FF61C00}.SReleaseA|x64.Build.0 = Release|x64
		{CF9F17C5-77B1-464E-95FC-DBC70FF61C00}.SReleaseA|x86.ActiveCfg = Release|Win32
		{CF9F17C5-77B1-464E-95FC-DBC70FF61C00}.SReleaseA|x86.Build.0 = Release|Win32
		{E106ACD7-4E53-4AEE-942B-D0DD426DB34E}.Debug|x64.ActiveCfg = Debug|x64
		{E106ACD7-4E53-4AEE-942B-D0DD426DB34E}.Debug|x64.Build.0 = Debug|x64
		{E106ACD7-4E53-4AEE-942B-D0DD426DB34E}.Debug|x86.ActiveCfg = Debug|Win32
		{E106ACD7-4E53-4AEE-942B-D0DD426DB34E}.Debug|x86.Build.0 = Debug|Win32
		{E106ACD7-4E53-4AEE-942B-D0DD426DB34E}.DebugA|x64.ActiveCfg = DebugA|x64
		{E106ACD7-4E53-4AEE-942B-D0DD426DB34E}.DebugA|x64.Build.0 = DebugA|x64
		{E106ACD7-4E53-4AEE-942B-D0DD426DB34E}.DebugA|x86.ActiveCfg = DebugA|Win32
		{E106ACD7-4E53-4AEE-942B-D0DD426DB34E}.DebugA|x86.Build.0 = DebugA|Win32
		{E106ACD7-4E53-4AEE-942B-D0DD426DB34E}.Release|x64.ActiveCfg = Release|x64
		{E106ACD7-4E53-4AEE-942B-D0DD426DB34E}.Release|x64.Build.0 = Release|x64
		{E106ACD7-4E53-4AEE-942B-D0DD426DB34E}.Release|x86.ActiveCfg = Release|Win32
		{E106ACD7-4E53-4AEE-942B-D0DD426DB34E}.Release|x86.Build.0 = Release|Win32
		{E106ACD7-4E53-4AEE-942B-D0DD426DB34E}.ReleaseA|x64.ActiveCfg = ReleaseA|x64
		{E106ACD7-4E53-4AEE-942B-D0DD426DB34E}.ReleaseA|x64.Build.0 = ReleaseA|x64
		{E106ACD7-4E53-4AEE-942B-D0DD426DB34E}.ReleaseA|x86.ActiveCfg = ReleaseA|Win32
		{E106ACD7-4E53-4AEE-942B-D0DD426DB34E}.ReleaseA|x86.Build.0 = ReleaseA|Win32
		{E106ACD7-4E53-4AEE-942B-D0DD426DB34E}.SDebug|x64.ActiveCfg = SDebug|x64
		{E106ACD7-4E53-4AEE-942B-D0DD426DB34E}.SDebug|x64.Build.0 = SDebug|x64
		{E106ACD7-4E53-4AEE-942B-D0DD426DB34E}.SDebug|x86.ActiveCfg = SDebug|Win32
		{E106ACD7-4E53-4AEE-942B-D0DD426DB34E}.SDebug|x86.Build.0 = SDebug|Win32
		{E106ACD7-4E53-4AEE-942B-D0DD426DB34E}.SDebugA|x64.ActiveCfg = SDebugA|x64
		{E106ACD7-4E53-4AEE-942B-D0DD426DB34E}.SDebugA|x64.Build.0 = SDebugA|x64
		{E106ACD7-4E53-4AEE-942B-D0DD426DB34E}.SDebugA|x86.ActiveCfg = SDebugA|Win32
		{E106ACD7-4E53-4AEE-942B-D0DD426DB34E}.SDebugA|x86.Build.0 = SDebugA|Win32
		{E106ACD7-4E53-4AEE-942B-D0DD426DB34E}.SRelease|x64.ActiveCfg = SRelease|x64
		{E106ACD7-4E53-4AEE-942B-D0DD426DB34E}.SRelease|x64.Build.0 = SRelease|x64
		{E106ACD7-4E53-4AEE-942B-D0DD426DB34E}.SRelease|x86.ActiveCfg = SRelease|Win32
		{E106ACD7-4E53-4AEE-942B-D0DD426DB34E}.SRelease|x86.Build.0 = SRelease|Win32
		{E106ACD7-4E53-4AEE-942B-D0DD426DB34E}.SReleaseA|x64.ActiveCfg = SReleaseA|x64
		{E106ACD7-4E53-4AEE-942B-D0DD426DB34E}.SReleaseA|x64.Build.0 = SReleaseA|x64
		{E106ACD7-4E53-4AEE-942B-D0DD426DB34E}.SReleaseA|x86.ActiveCfg = SReleaseA|Win32
		{E106ACD7-4E53-4AEE-942B-D0DD426DB34E}.SReleaseA|x86.Build.0 = SReleaseA|Win32
		{6ACBD64A-A6AE-4F1A-92C1-7AA77339917C}.Debug|x64.ActiveCfg = Debug|x64
		{6ACBD64A-A6AE-4F1A-92C1-7AA77339917C}.Debug|x64.Build.0 = Debug|x64
		{6ACBD64A-A6AE-4F1A-92C1-7AA77339917C}.Debug|x86.ActiveCfg = Debug|Win32
		{6ACBD64A-A6AE-4F1A-92C1-7AA77339917C}.Debug|x86.Build.0 = Debug|Win32
		{6ACBD64A-A6AE-4F1A-92C1-7AA77339917C}.DebugA|x64.ActiveCfg = Debug|x64
		{6ACBD64A-A6AE-4F1A-92C1-7AA77339917C}.DebugA|x64.Build.0 = Debug|x64
		{6ACBD64A-A6AE-4F1A-92C1-7AA77339917C}.DebugA|x86.ActiveCfg = Debug|Win32
		{6ACBD64A-A6AE-4F1A-92C1-7AA77339917C}.DebugA|x86.Build.0 = Debug|Win32
		{6ACBD64A-A6AE-4F1A-92C1-7AA77339917C}.Release|x64.ActiveCfg = Release|x64
		{6ACBD64A-A6AE-4F1A-92C1-7AA77339917C}.Release|x64.Build.0 = Release|x64
		{6ACBD64A-A6AE-4F1A-92C1-7AA77339917C}.Release|x86.ActiveCfg = Release|Win32
		{6ACBD64A-A6AE-4F1A-92C1-7AA77339917C}.Release|x86.Build.0 = Release|Win32
		{6ACBD64A-A6AE-4F1A-92C1-7AA77339917C}.ReleaseA|x64.ActiveCfg = Release|x64
		{6ACBD64A-A6AE-4F1A-92C1-7AA77339917C}.ReleaseA|x64.Build.0 = Release|x64
		{6ACBD64A-A6AE-4F1A-92C1-7AA77339917C}.ReleaseA|x86.ActiveCfg = Release|Win32
		{6ACBD64A-A6AE-4F1A-92C1-7AA77339917C}.ReleaseA|x86.Build.0 = Release|Win32
		{6ACBD64A-A6AE-4F1A-92C1-7AA77339917C}.SDebug|x64.ActiveCfg = Debug|x64
		{6ACBD64A-A6AE-4F1A-92C1-7AA77339917C}.SDebug|x64.Build.0 = Debug|x64
		{6ACBD64A-A6AE-4F1A-92C1-7AA77339917C}.SDebug|x86.ActiveCfg = Debug|Win32
		{6ACBD64A-A6AE-4F1A-92C1-7AA77339917C}.SDebug|x86.Build.0 = Debug|Win32
		{6ACBD64A-A6AE-4F1A-92C1-7AA77339917C}.SDebugA|x64.ActiveCfg = Debug|x64
		{6ACBD64A-A6AE-4F1A-92C1-7AA77339917C}.SDebugA|x64.Build.0 = Debug|x64
		{6ACBD64A-A6AE-4F1A-92C1-7AA77339917C}.SDebugA|x86.ActiveCfg = Debug|Win32
		{6ACBD64A-A6AE-4F1A-92C1-7AA77339917C}.SDebugA|x86.Build.0 = Debug|Win32
		{6ACBD64A-A6AE-4F1A-92C1-7AA77339917C}.SRelease|x64.ActiveCfg = Release|x64
		{6ACBD64A-A6AE-4F1A-92C1-7AA77339917C}.SRelease|x64.Build.0 = Release|x64
		{6ACBD64A-A6AE-4F1A-92C1-7AA77339917C}.SRelease|x86.ActiveCfg = Release|Win32
		{6ACBD64A-A6AE-4F1A-92C1-7AA77339917C}.SRelease|x86.Build.0 = Release|Win32
		{6ACBD64A-A6AE-4F1A-92C1-7AA77339917C}.SReleaseA|x64.ActiveCfg = Release|x64
		{6ACBD64A-A6AE-4F1A-92C1-7AA77339917C}.SReleaseA|x64.Build.0 = Release|x64
		{6ACBD64A-A6AE-4F1A-92C1-7AA77339917C}.SReleaseA|x86.ActiveCfg = Release|Win32
		{6ACBD64A-A6AE-4F1A-92C1-7AA77339917C}.SReleaseA|x86.Build.0 = Release|Win32
	EndGlobalSection
	GlobalSection(SolutionProperties) = preSolution
		HideSolutionNode = FALSE
	EndGlobalSection
EndGlobal
